
Microsoft Visual Studio Solution File, Format Version 12.00
# Visual Studio Version 16
VisualStudioVersion = 16.0.31729.503
MinimumVisualStudioVersion = 10.0.40219.1
Project("{FAE04EC0-301F-11D3-BF4B-00C04F79EFBC}") = "UnivMI", "UnivMI\UnivMI.csproj", "{92FACE6A-0B50-4C62-9356-5E1FFC3F5E51}"
EndProject
Global
	GlobalSection(SolutionConfigurationPlatforms) = preSolution
		Debug|Any CPU = Debug|Any CPU
		Release|Any CPU = Release|Any CPU
	EndGlobalSection
	GlobalSection(ProjectConfigurationPlatforms) = postSolution
		{92FACE6A-0B50-4C62-9356-5E1FFC3F5E51}.Debug|Any CPU.ActiveCfg = Debug|Any CPU
		{92FACE6A-0B50-4C62-9356-5E1FFC3F5E51}.Debug|Any CPU.Build.0 = Debug|Any CPU
		{92FACE6A-0B50-4C62-9356-5E1FFC3F5E51}.Release|Any CPU.ActiveCfg = Release|Any CPU
		{92FACE6A-0B50-4C62-9356-5E1FFC3F5E51}.Release|Any CPU.Build.0 = Release|Any CPU
	EndGlobalSection
	GlobalSection(SolutionProperties) = preSolution
		HideSolutionNode = FALSE
	EndGlobalSection
	GlobalSection(ExtensibilityGlobals) = postSolution
		SolutionGuid = {37AB0E1C-EBAF-4B7C-B7CC-AE7321DFA1BF}
	EndGlobalSection
EndGlobal
